<?xml version="1.0" encoding="utf-8"?>
<Project ToolsVersion="4.0" xmlns="http://schemas.microsoft.com/developer/msbuild/2003">
  <ItemGroup>
    <Filter Include="Assets">
      <UniqueIdentifier>b6e9c65e-2b41-4ac9-b7ae-6c2511591717</UniqueIdentifier>
      <Extensions>ico;cur;bmp;dds;dlg;fbx;rct;bin;rgs;gif;jpg;jpeg;jpe;resx;tga;tiff;tif;png;wav;mfcribbon-ms</Extensions>
    </Filter>
  </ItemGroup>
  <ItemGroup>
    <ClInclude Include="pch.h" />
    <ClInclude Include="Game.h" />
    <ClInclude Include="StepTimer.h" />
    <ClInclude Include="Golf.h" />
    <ClInclude Include="GolfBag.h" />
    <ClInclude Include="GolfSwing.h" />
    <ClInclude Include="GolfBall.h" />
    <ClInclude Include="Environment.h" />
    <ClInclude Include="Utility.h" />
    <ClInclude Include="GolfPlay.h" />
    <ClInclude Include="AnimatedTexture.h" />
    <ClInclude Include="SpriteSheet.h" />
    <ClInclude Include="GolfCharacter.h" />
    <ClInclude Include="Camera.h" />
    <ClInclude Include="sounds.h" />
    <ClInclude Include="ReadData.h" />
  </ItemGroup>
  <ItemGroup>
    <ClCompile Include="pch.cpp" />
    <ClCompile Include="Game.cpp" />
    <ClCompile Include="Main.cpp" />
    <ClCompile Include="Golf.cpp" />
    <ClCompile Include="GolfBag.cpp" />
    <ClCompile Include="GolfSwing.cpp" />
    <ClCompile Include="GolfBall.cpp" />
    <ClCompile Include="Environment.cpp" />
    <ClCompile Include="Utility.cpp" />
    <ClCompile Include="GolfPlay.cpp" />
    <ClCompile Include="GolfCharacter.cpp" />
    <ClCompile Include="Camera.cpp" />
  </ItemGroup>
  <ItemGroup>
    <ResourceCompile Include="resource.rc" />
  </ItemGroup>
  <ItemGroup>
    <Image Include="PowerbarFrame.png">
      <Filter>Assets</Filter>
    </Image>
    <Image Include="PowerbarMeter.png">
      <Filter>Assets</Filter>
    </Image>
    <Image Include="PowerbarImpact.png">
      <Filter>Assets</Filter>
    </Image>
    <Image Include="PowerbarBackswing.png">
      <Filter>Assets</Filter>
    </Image>
    <Image Include="ChacterSpriteSheet.png">
      <Filter>Assets</Filter>
    </Image>
    <Image Include="Chacter0SpriteSheet.png">
      <Filter>Assets</Filter>
    </Image>
    <Image Include="Chacter1SpriteSheet.png">
      <Filter>Assets</Filter>
    </Image>
    <Image Include="Chacter2SpriteSheet.png">
      <Filter>Assets</Filter>
    </Image>
    <Image Include="CharacterBackground.png">
      <Filter>Assets</Filter>
    </Image>
    <Image Include="Icon.ico">
      <Filter>Assets</Filter>
    </Image>
    <Image Include="EnvironmentSelectAlien.jpg">
      <Filter>Assets</Filter>
    </Image>
    <Image Include="EnvironmentSelectBreezy.png">
      <Filter>Assets</Filter>
    </Image>
    <Image Include="EnvironmentSelectCalm.png">
      <Filter>Assets</Filter>
    </Image>
    <Image Include="logoBMW.png">
      <Filter>Assets</Filter>
    </Image>
    <Image Include="logoJI.png">
      <Filter>Assets</Filter>
    </Image>
    <Image Include="heightmap01.bmp">
      <Filter>Assets</Filter>
    </Image>
    <Image Include="Data\textures\dirt01d.tga">
      <Filter>Assets</Filter>
    </Image>
    <Image Include="Data\textures\dirt01n.tga">
      <Filter>Assets</Filter>
    </Image>
  </ItemGroup>
  <ItemGroup>
    <Manifest Include="settings.manifest">
      <Filter>Assets</Filter>
    </Manifest>
  </ItemGroup>
  <ItemGroup>
    <None Include="packages.config" />
    <None Include="audioBank.xwb">
      <Filter>Assets</Filter>
    </None>
    <None Include="bitwise16.spritefont">
      <Filter>Assets</Filter>
    </None>
    <None Include="myfile.spritefont">
      <Filter>Assets</Filter>
    </None>
  </ItemGroup>
  <ItemGroup>
    <Media Include="AudioCoinPlay.wav">
      <Filter>Assets</Filter>
    </Media>
    <Media Include="Music01.wav">
      <Filter>Assets</Filter>
    </Media>
  </ItemGroup>
  <ItemGroup>
    <Text Include="Data\skydome\skydome.txt">
      <Filter>Assets</Filter>
    </Text>
  </ItemGroup>
</Project>